
Microsoft Visual Studio Solution File, Format Version 12.00
# Visual Studio Version 17
VisualStudioVersion = 17.0.31903.59
MinimumVisualStudioVersion = 10.0.40219.1
Project("{FAE04EC0-301F-11D3-BF4B-00C04F79EFBC}") = "olaMundo", "olaMundo\olaMundo.csproj", "{0E32CABF-CCA4-4880-B74F-EC02A045F6E5}"
EndProject
Project("{FAE04EC0-301F-11D3-BF4B-00C04F79EFBC}") = "olaMundo2", "olaMundo2\olaMundo2.csproj", "{F9FECBFF-1870-41D7-A303-F97BF6A52F41}"
EndProject
Project("{FAE04EC0-301F-11D3-BF4B-00C04F79EFBC}") = "olaMundo3", "olaMundo3\olaMundo3.csproj", "{441C06E8-8698-4B0F-A7F4-26D359292E95}"
EndProject
Project("{FAE04EC0-301F-11D3-BF4B-00C04F79EFBC}") = "Teste de Commit", "Teste de Commit\Teste de Commit.csproj", "{CC18BB2B-8F93-47E1-BA0C-309124D190EB}"
EndProject
Global
	GlobalSection(SolutionConfigurationPlatforms) = preSolution
		Debug|Any CPU = Debug|Any CPU
		Release|Any CPU = Release|Any CPU
	EndGlobalSection
	GlobalSection(SolutionProperties) = preSolution
		HideSolutionNode = FALSE
	EndGlobalSection
	GlobalSection(ProjectConfigurationPlatforms) = postSolution
		{0E32CABF-CCA4-4880-B74F-EC02A045F6E5}.Debug|Any CPU.ActiveCfg = Debug|Any CPU
		{0E32CABF-CCA4-4880-B74F-EC02A045F6E5}.Debug|Any CPU.Build.0 = Debug|Any CPU
		{0E32CABF-CCA4-4880-B74F-EC02A045F6E5}.Release|Any CPU.ActiveCfg = Release|Any CPU
		{0E32CABF-CCA4-4880-B74F-EC02A045F6E5}.Release|Any CPU.Build.0 = Release|Any CPU
		{F9FECBFF-1870-41D7-A303-F97BF6A52F41}.Debug|Any CPU.ActiveCfg = Debug|Any CPU
		{F9FECBFF-1870-41D7-A303-F97BF6A52F41}.Debug|Any CPU.Build.0 = Debug|Any CPU
		{F9FECBFF-1870-41D7-A303-F97BF6A52F41}.Release|Any CPU.ActiveCfg = Release|Any CPU
		{F9FECBFF-1870-41D7-A303-F97BF6A52F41}.Release|Any CPU.Build.0 = Release|Any CPU
		{441C06E8-8698-4B0F-A7F4-26D359292E95}.Debug|Any CPU.ActiveCfg = Debug|Any CPU
		{441C06E8-8698-4B0F-A7F4-26D359292E95}.Debug|Any CPU.Build.0 = Debug|Any CPU
		{441C06E8-8698-4B0F-A7F4-26D359292E95}.Release|Any CPU.ActiveCfg = Release|Any CPU
		{441C06E8-8698-4B0F-A7F4-26D359292E95}.Release|Any CPU.Build.0 = Release|Any CPU
		{CC18BB2B-8F93-47E1-BA0C-309124D190EB}.Debug|Any CPU.ActiveCfg = Debug|Any CPU
		{CC18BB2B-8F93-47E1-BA0C-309124D190EB}.Debug|Any CPU.Build.0 = Debug|Any CPU
		{CC18BB2B-8F93-47E1-BA0C-309124D190EB}.Release|Any CPU.ActiveCfg = Release|Any CPU
		{CC18BB2B-8F93-47E1-BA0C-309124D190EB}.Release|Any CPU.Build.0 = Release|Any CPU
	EndGlobalSection
EndGlobal
